
Microsoft Visual Studio Solution File, Format Version 12.00
# Visual Studio 15
VisualStudioVersion = 15.0.27428.2002
MinimumVisualStudioVersion = 10.0.40219.1
Project("{FAE04EC0-301F-11D3-BF4B-00C04F79EFBC}") = "ConsoleApp", "ConsoleApp\ConsoleApp.csproj", "{6846C171-2C0D-44EC-B423-8FE6FE95EBFB}"
EndProject
Project("{FAE04EC0-301F-11D3-BF4B-00C04F79EFBC}") = "NSU.Utilities.Extensions", "..\NSU.Utilities.Extensions.csproj", "{726A3FFA-1404-4BAC-B9F1-A30C275B602A}"
EndProject
Global
	GlobalSection(SolutionConfigurationPlatforms) = preSolution
		Debug|Any CPU = Debug|Any CPU
		Release|Any CPU = Release|Any CPU
	EndGlobalSection
	GlobalSection(ProjectConfigurationPlatforms) = postSolution
		{6846C171-2C0D-44EC-B423-8FE6FE95EBFB}.Debug|Any CPU.ActiveCfg = Debug|Any CPU
		{6846C171-2C0D-44EC-B423-8FE6FE95EBFB}.Debug|Any CPU.Build.0 = Debug|Any CPU
		{6846C171-2C0D-44EC-B423-8FE6FE95EBFB}.Release|Any CPU.ActiveCfg = Release|Any CPU
		{6846C171-2C0D-44EC-B423-8FE6FE95EBFB}.Release|Any CPU.Build.0 = Release|Any CPU
		{726A3FFA-1404-4BAC-B9F1-A30C275B602A}.Debug|Any CPU.ActiveCfg = Debug|Any CPU
		{726A3FFA-1404-4BAC-B9F1-A30C275B602A}.Debug|Any CPU.Build.0 = Debug|Any CPU
		{726A3FFA-1404-4BAC-B9F1-A30C275B602A}.Release|Any CPU.ActiveCfg = Release|Any CPU
		{726A3FFA-1404-4BAC-B9F1-A30C275B602A}.Release|Any CPU.Build.0 = Release|Any CPU
	EndGlobalSection
	GlobalSection(SolutionProperties) = preSolution
		HideSolutionNode = FALSE
	EndGlobalSection
	GlobalSection(ExtensibilityGlobals) = postSolution
		SolutionGuid = {4BA2AED1-25D6-413B-AFB0-D50235851387}
	EndGlobalSection
EndGlobal
